
Microsoft Visual Studio Solution File, Format Version 12.00
# Visual Studio Version 17
VisualStudioVersion = 17.11.35208.52
MinimumVisualStudioVersion = 10.0.40219.1
Project("{FAE04EC0-301F-11D3-BF4B-00C04F79EFBC}") = "MvcMovie", "MvcMovie.csproj", "{10F2A6EF-677E-4888-B609-72B1DB86063E}"
EndProject
Global
	GlobalSection(SolutionConfigurationPlatforms) = preSolution
		Debug|Any CPU = Debug|Any CPU
		Release|Any CPU = Release|Any CPU
	EndGlobalSection
	GlobalSection(ProjectConfigurationPlatforms) = postSolution
		{10F2A6EF-677E-4888-B609-72B1DB86063E}.Debug|Any CPU.ActiveCfg = Debug|Any CPU
		{10F2A6EF-677E-4888-B609-72B1DB86063E}.Debug|Any CPU.Build.0 = Debug|Any CPU
		{10F2A6EF-677E-4888-B609-72B1DB86063E}.Release|Any CPU.ActiveCfg = Release|Any CPU
		{10F2A6EF-677E-4888-B609-72B1DB86063E}.Release|Any CPU.Build.0 = Release|Any CPU
	EndGlobalSection
	GlobalSection(SolutionProperties) = preSolution
		HideSolutionNode = FALSE
	EndGlobalSection
	GlobalSection(ExtensibilityGlobals) = postSolution
		SolutionGuid = {3B8ED649-18A0-43FA-B03D-717ECA45AE52}
	EndGlobalSection
EndGlobal
